// !$*UTF8*$!
{
	archiveVersion = 1;
	classes = {
	};
	objectVersion = 55;
	objects = {

/* Begin PBXBuildFile section */
		7488FBE728A1253600B9E1E2 /* FirebaseDI.swift in Sources */ = {isa = PBXBuildFile; fileRef = 7488FBE628A1253500B9E1E2 /* FirebaseDI.swift */; };
		74FFD85F289EBF8F002686B2 /* AppDelegate.swift in Sources */ = {isa = PBXBuildFile; fileRef = 74FFD85E289EBF8F002686B2 /* AppDelegate.swift */; };
		74FFD861289EBF8F002686B2 /* SceneDelegate.swift in Sources */ = {isa = PBXBuildFile; fileRef = 74FFD860289EBF8F002686B2 /* SceneDelegate.swift */; };
		74FFD868289EBF93002686B2 /* Assets.xcassets in Resources */ = {isa = PBXBuildFile; fileRef = 74FFD867289EBF93002686B2 /* Assets.xcassets */; };
		74FFD86B289EBF93002686B2 /* LaunchScreen.storyboard in Resources */ = {isa = PBXBuildFile; fileRef = 74FFD869289EBF93002686B2 /* LaunchScreen.storyboard */; };
		74FFD889289EC0C7002686B2 /* LoginRepo.swift in Sources */ = {isa = PBXBuildFile; fileRef = 74FFD888289EC0C7002686B2 /* LoginRepo.swift */; };
		74FFD88E289EC0FA002686B2 /* LoginRepoImplementation.swift in Sources */ = {isa = PBXBuildFile; fileRef = 74FFD88D289EC0FA002686B2 /* LoginRepoImplementation.swift */; };
		74FFD890289EC11F002686B2 /* LoginUseCase.swift in Sources */ = {isa = PBXBuildFile; fileRef = 74FFD88F289EC11F002686B2 /* LoginUseCase.swift */; };
		74FFD89C289EC1BC002686B2 /* Swinject in Frameworks */ = {isa = PBXBuildFile; productRef = 74FFD89B289EC1BC002686B2 /* Swinject */; };
		74FFD89F289EC1CC002686B2 /* RxCocoa in Frameworks */ = {isa = PBXBuildFile; productRef = 74FFD89E289EC1CC002686B2 /* RxCocoa */; };
		74FFD8A1289EC1CC002686B2 /* RxRelay in Frameworks */ = {isa = PBXBuildFile; productRef = 74FFD8A0289EC1CC002686B2 /* RxRelay */; };
		74FFD8A3289EC1CC002686B2 /* RxSwift in Frameworks */ = {isa = PBXBuildFile; productRef = 74FFD8A2289EC1CC002686B2 /* RxSwift */; };
		74FFD8A5289EC1EB002686B2 /* AppDI.swift in Sources */ = {isa = PBXBuildFile; fileRef = 74FFD8A4289EC1EB002686B2 /* AppDI.swift */; };
		74FFD8A7289EC218002686B2 /* LoginDI.swift in Sources */ = {isa = PBXBuildFile; fileRef = 74FFD8A6289EC218002686B2 /* LoginDI.swift */; };
		74FFD8AA289EC260002686B2 /* Coordinator.swift in Sources */ = {isa = PBXBuildFile; fileRef = 74FFD8A9289EC260002686B2 /* Coordinator.swift */; };
		74FFD8AC289EC2A7002686B2 /* LoginCoordinator.swift in Sources */ = {isa = PBXBuildFile; fileRef = 74FFD8AB289EC2A7002686B2 /* LoginCoordinator.swift */; };
		74FFD8AE289EC2DF002686B2 /* AppCoordinator.swift in Sources */ = {isa = PBXBuildFile; fileRef = 74FFD8AD289EC2DF002686B2 /* AppCoordinator.swift */; };
		74FFD8B1289EC3E9002686B2 /* LoginViewController.swift in Sources */ = {isa = PBXBuildFile; fileRef = 74FFD8AF289EC3E9002686B2 /* LoginViewController.swift */; };
		74FFD8B2289EC3E9002686B2 /* LoginViewController.xib in Resources */ = {isa = PBXBuildFile; fileRef = 74FFD8B0289EC3E9002686B2 /* LoginViewController.xib */; };
		74FFD8B4289EC406002686B2 /* LoginVIewModel.swift in Sources */ = {isa = PBXBuildFile; fileRef = 74FFD8B3289EC406002686B2 /* LoginVIewModel.swift */; };
		74FFD8B6289ED78A002686B2 /* UIView+Extenstion.swift in Sources */ = {isa = PBXBuildFile; fileRef = 74FFD8B5289ED78A002686B2 /* UIView+Extenstion.swift */; };
		74FFD8C9289EE3A2002686B2 /* RegisterVIewModel.swift in Sources */ = {isa = PBXBuildFile; fileRef = 74FFD8B9289EE3A2002686B2 /* RegisterVIewModel.swift */; };
		74FFD8CA289EE3A2002686B2 /* RegisterCoordinator.swift in Sources */ = {isa = PBXBuildFile; fileRef = 74FFD8BB289EE3A2002686B2 /* RegisterCoordinator.swift */; };
		74FFD8CB289EE3A2002686B2 /* RegisterViewController.xib in Resources */ = {isa = PBXBuildFile; fileRef = 74FFD8BD289EE3A2002686B2 /* RegisterViewController.xib */; };
		74FFD8CC289EE3A2002686B2 /* RegisterViewController.swift in Sources */ = {isa = PBXBuildFile; fileRef = 74FFD8BE289EE3A2002686B2 /* RegisterViewController.swift */; };
		74FFD8CD289EE3A2002686B2 /* RegisterUseCase.swift in Sources */ = {isa = PBXBuildFile; fileRef = 74FFD8C1289EE3A2002686B2 /* RegisterUseCase.swift */; };
		74FFD8CE289EE3A2002686B2 /* RegisterRepoImplementation.swift in Sources */ = {isa = PBXBuildFile; fileRef = 74FFD8C3289EE3A2002686B2 /* RegisterRepoImplementation.swift */; };
		74FFD8CF289EE3A2002686B2 /* RegisterRepo.swift in Sources */ = {isa = PBXBuildFile; fileRef = 74FFD8C6289EE3A2002686B2 /* RegisterRepo.swift */; };
		74FFD8D0289EE3A2002686B2 /* RegisterDI.swift in Sources */ = {isa = PBXBuildFile; fileRef = 74FFD8C8289EE3A2002686B2 /* RegisterDI.swift */; };
		74FFD8DA28A0173C002686B2 /* ForgetRepo.swift in Sources */ = {isa = PBXBuildFile; fileRef = 74FFD8D928A0173C002686B2 /* ForgetRepo.swift */; };
		74FFD8DE28A0177F002686B2 /* ForgetRepoImplementation.swift in Sources */ = {isa = PBXBuildFile; fileRef = 74FFD8DD28A0177F002686B2 /* ForgetRepoImplementation.swift */; };
		74FFD8E028A017B7002686B2 /* ForgetUseCase.swift in Sources */ = {isa = PBXBuildFile; fileRef = 74FFD8DF28A017B7002686B2 /* ForgetUseCase.swift */; };
		74FFD8E228A017EB002686B2 /* ForgetDI.swift in Sources */ = {isa = PBXBuildFile; fileRef = 74FFD8E128A017EB002686B2 /* ForgetDI.swift */; };
		74FFD8E728A0189E002686B2 /* ForgetCoordinator.swift in Sources */ = {isa = PBXBuildFile; fileRef = 74FFD8E628A0189E002686B2 /* ForgetCoordinator.swift */; };
		74FFD8EA28A018E8002686B2 /* ForgetViewController.swift in Sources */ = {isa = PBXBuildFile; fileRef = 74FFD8E828A018E8002686B2 /* ForgetViewController.swift */; };
		74FFD8EB28A018E8002686B2 /* ForgetViewController.xib in Resources */ = {isa = PBXBuildFile; fileRef = 74FFD8E928A018E8002686B2 /* ForgetViewController.xib */; };
		74FFD8ED28A0190C002686B2 /* ForgetViewModel.swift in Sources */ = {isa = PBXBuildFile; fileRef = 74FFD8EC28A0190C002686B2 /* ForgetViewModel.swift */; };
		74FFD8F028A02959002686B2 /* FirebaseAuth in Frameworks */ = {isa = PBXBuildFile; productRef = 74FFD8EF28A02959002686B2 /* FirebaseAuth */; };
		74FFD8F228A02959002686B2 /* FirebaseStorage in Frameworks */ = {isa = PBXBuildFile; productRef = 74FFD8F128A02959002686B2 /* FirebaseStorage */; };
		74FFD8F428A029A9002686B2 /* GoogleService-Info.plist in Resources */ = {isa = PBXBuildFile; fileRef = 74FFD8F328A029A9002686B2 /* GoogleService-Info.plist */; };
		74FFD8F728A02B64002686B2 /* FirebaseAuthentication.swift in Sources */ = {isa = PBXBuildFile; fileRef = 74FFD8F628A02B64002686B2 /* FirebaseAuthentication.swift */; };
/* End PBXBuildFile section */

/* Begin PBXFileReference section */
		7488FBE628A1253500B9E1E2 /* FirebaseDI.swift */ = {isa = PBXFileReference; lastKnownFileType = sourcecode.swift; path = FirebaseDI.swift; sourceTree = "<group>"; };
		74FFD85B289EBF8F002686B2 /* E-Commerce.app */ = {isa = PBXFileReference; explicitFileType = wrapper.application; includeInIndex = 0; path = "E-Commerce.app"; sourceTree = BUILT_PRODUCTS_DIR; };
		74FFD85E289EBF8F002686B2 /* AppDelegate.swift */ = {isa = PBXFileReference; lastKnownFileType = sourcecode.swift; path = AppDelegate.swift; sourceTree = "<group>"; };
		74FFD860289EBF8F002686B2 /* SceneDelegate.swift */ = {isa = PBXFileReference; lastKnownFileType = sourcecode.swift; path = SceneDelegate.swift; sourceTree = "<group>"; };
		74FFD867289EBF93002686B2 /* Assets.xcassets */ = {isa = PBXFileReference; lastKnownFileType = folder.assetcatalog; path = Assets.xcassets; sourceTree = "<group>"; };
		74FFD86A289EBF93002686B2 /* Base */ = {isa = PBXFileReference; lastKnownFileType = file.storyboard; name = Base; path = Base.lproj/LaunchScreen.storyboard; sourceTree = "<group>"; };
		74FFD86C289EBF93002686B2 /* Info.plist */ = {isa = PBXFileReference; lastKnownFileType = text.plist.xml; path = Info.plist; sourceTree = "<group>"; };
		74FFD888289EC0C7002686B2 /* LoginRepo.swift */ = {isa = PBXFileReference; lastKnownFileType = sourcecode.swift; path = LoginRepo.swift; sourceTree = "<group>"; };
		74FFD88D289EC0FA002686B2 /* LoginRepoImplementation.swift */ = {isa = PBXFileReference; lastKnownFileType = sourcecode.swift; path = LoginRepoImplementation.swift; sourceTree = "<group>"; };
		74FFD88F289EC11F002686B2 /* LoginUseCase.swift */ = {isa = PBXFileReference; lastKnownFileType = sourcecode.swift; path = LoginUseCase.swift; sourceTree = "<group>"; };
		74FFD8A4289EC1EB002686B2 /* AppDI.swift */ = {isa = PBXFileReference; lastKnownFileType = sourcecode.swift; path = AppDI.swift; sourceTree = "<group>"; };
		74FFD8A6289EC218002686B2 /* LoginDI.swift */ = {isa = PBXFileReference; lastKnownFileType = sourcecode.swift; path = LoginDI.swift; sourceTree = "<group>"; };
		74FFD8A9289EC260002686B2 /* Coordinator.swift */ = {isa = PBXFileReference; fileEncoding = 4; lastKnownFileType = sourcecode.swift; path = Coordinator.swift; sourceTree = "<group>"; };
		74FFD8AB289EC2A7002686B2 /* LoginCoordinator.swift */ = {isa = PBXFileReference; lastKnownFileType = sourcecode.swift; path = LoginCoordinator.swift; sourceTree = "<group>"; };
		74FFD8AD289EC2DF002686B2 /* AppCoordinator.swift */ = {isa = PBXFileReference; fileEncoding = 4; lastKnownFileType = sourcecode.swift; path = AppCoordinator.swift; sourceTree = "<group>"; };
		74FFD8AF289EC3E9002686B2 /* LoginViewController.swift */ = {isa = PBXFileReference; lastKnownFileType = sourcecode.swift; path = LoginViewController.swift; sourceTree = "<group>"; };
		74FFD8B0289EC3E9002686B2 /* LoginViewController.xib */ = {isa = PBXFileReference; lastKnownFileType = file.xib; path = LoginViewController.xib; sourceTree = "<group>"; };
		74FFD8B3289EC406002686B2 /* LoginVIewModel.swift */ = {isa = PBXFileReference; lastKnownFileType = sourcecode.swift; path = LoginVIewModel.swift; sourceTree = "<group>"; };
		74FFD8B5289ED78A002686B2 /* UIView+Extenstion.swift */ = {isa = PBXFileReference; lastKnownFileType = sourcecode.swift; path = "UIView+Extenstion.swift"; sourceTree = "<group>"; };
		74FFD8B9289EE3A2002686B2 /* RegisterVIewModel.swift */ = {isa = PBXFileReference; fileEncoding = 4; lastKnownFileType = sourcecode.swift; path = RegisterVIewModel.swift; sourceTree = "<group>"; };
		74FFD8BB289EE3A2002686B2 /* RegisterCoordinator.swift */ = {isa = PBXFileReference; fileEncoding = 4; lastKnownFileType = sourcecode.swift; path = RegisterCoordinator.swift; sourceTree = "<group>"; };
		74FFD8BD289EE3A2002686B2 /* RegisterViewController.xib */ = {isa = PBXFileReference; fileEncoding = 4; lastKnownFileType = file.xib; path = RegisterViewController.xib; sourceTree = "<group>"; };
		74FFD8BE289EE3A2002686B2 /* RegisterViewController.swift */ = {isa = PBXFileReference; fileEncoding = 4; lastKnownFileType = sourcecode.swift; path = RegisterViewController.swift; sourceTree = "<group>"; };
		74FFD8C1289EE3A2002686B2 /* RegisterUseCase.swift */ = {isa = PBXFileReference; fileEncoding = 4; lastKnownFileType = sourcecode.swift; path = RegisterUseCase.swift; sourceTree = "<group>"; };
		74FFD8C3289EE3A2002686B2 /* RegisterRepoImplementation.swift */ = {isa = PBXFileReference; fileEncoding = 4; lastKnownFileType = sourcecode.swift; path = RegisterRepoImplementation.swift; sourceTree = "<group>"; };
		74FFD8C6289EE3A2002686B2 /* RegisterRepo.swift */ = {isa = PBXFileReference; fileEncoding = 4; lastKnownFileType = sourcecode.swift; path = RegisterRepo.swift; sourceTree = "<group>"; };
		74FFD8C8289EE3A2002686B2 /* RegisterDI.swift */ = {isa = PBXFileReference; fileEncoding = 4; lastKnownFileType = sourcecode.swift; path = RegisterDI.swift; sourceTree = "<group>"; };
		74FFD8D928A0173C002686B2 /* ForgetRepo.swift */ = {isa = PBXFileReference; lastKnownFileType = sourcecode.swift; path = ForgetRepo.swift; sourceTree = "<group>"; };
		74FFD8DD28A0177F002686B2 /* ForgetRepoImplementation.swift */ = {isa = PBXFileReference; lastKnownFileType = sourcecode.swift; path = ForgetRepoImplementation.swift; sourceTree = "<group>"; };
		74FFD8DF28A017B7002686B2 /* ForgetUseCase.swift */ = {isa = PBXFileReference; lastKnownFileType = sourcecode.swift; path = ForgetUseCase.swift; sourceTree = "<group>"; };
		74FFD8E128A017EB002686B2 /* ForgetDI.swift */ = {isa = PBXFileReference; lastKnownFileType = sourcecode.swift; path = ForgetDI.swift; sourceTree = "<group>"; };
		74FFD8E628A0189E002686B2 /* ForgetCoordinator.swift */ = {isa = PBXFileReference; lastKnownFileType = sourcecode.swift; path = ForgetCoordinator.swift; sourceTree = "<group>"; };
		74FFD8E828A018E8002686B2 /* ForgetViewController.swift */ = {isa = PBXFileReference; lastKnownFileType = sourcecode.swift; path = ForgetViewController.swift; sourceTree = "<group>"; };
		74FFD8E928A018E8002686B2 /* ForgetViewController.xib */ = {isa = PBXFileReference; lastKnownFileType = file.xib; path = ForgetViewController.xib; sourceTree = "<group>"; };
		74FFD8EC28A0190C002686B2 /* ForgetViewModel.swift */ = {isa = PBXFileReference; lastKnownFileType = sourcecode.swift; path = ForgetViewModel.swift; sourceTree = "<group>"; };
		74FFD8F328A029A9002686B2 /* GoogleService-Info.plist */ = {isa = PBXFileReference; fileEncoding = 4; lastKnownFileType = text.plist.xml; path = "GoogleService-Info.plist"; sourceTree = "<group>"; };
		74FFD8F628A02B64002686B2 /* FirebaseAuthentication.swift */ = {isa = PBXFileReference; lastKnownFileType = sourcecode.swift; path = FirebaseAuthentication.swift; sourceTree = "<group>"; };
/* End PBXFileReference section */

/* Begin PBXFrameworksBuildPhase section */
		74FFD858289EBF8F002686B2 /* Frameworks */ = {
			isa = PBXFrameworksBuildPhase;
			buildActionMask = 2147483647;
			files = (
				74FFD8A1289EC1CC002686B2 /* RxRelay in Frameworks */,
				74FFD8F028A02959002686B2 /* FirebaseAuth in Frameworks */,
				74FFD89F289EC1CC002686B2 /* RxCocoa in Frameworks */,
				74FFD8A3289EC1CC002686B2 /* RxSwift in Frameworks */,
				74FFD89C289EC1BC002686B2 /* Swinject in Frameworks */,
				74FFD8F228A02959002686B2 /* FirebaseStorage in Frameworks */,
			);
			runOnlyForDeploymentPostprocessing = 0;
		};
/* End PBXFrameworksBuildPhase section */

/* Begin PBXGroup section */
		74FFD852289EBF8F002686B2 = {
			isa = PBXGroup;
			children = (
				74FFD85D289EBF8F002686B2 /* E-Commerce */,
				74FFD85C289EBF8F002686B2 /* Products */,
			);
			sourceTree = "<group>";
		};
		74FFD85C289EBF8F002686B2 /* Products */ = {
			isa = PBXGroup;
			children = (
				74FFD85B289EBF8F002686B2 /* E-Commerce.app */,
			);
			name = Products;
			sourceTree = "<group>";
		};
		74FFD85D289EBF8F002686B2 /* E-Commerce */ = {
			isa = PBXGroup;
			children = (
				74FFD872289EBFA6002686B2 /* Core */,
				74FFD887289EC0A3002686B2 /* AppDI */,
				74FFD8F528A02B46002686B2 /* FirebaseManager */,
				74FFD876289EBFE5002686B2 /* Resources */,
				74FFD875289EBFDB002686B2 /* Extenstion */,
				74FFD8A8289EC260002686B2 /* Coordinator */,
				74FFD873289EBFAB002686B2 /* Features */,
				74FFD8F328A029A9002686B2 /* GoogleService-Info.plist */,
				74FFD86C289EBF93002686B2 /* Info.plist */,
			);
			path = "E-Commerce";
			sourceTree = "<group>";
		};
		74FFD872289EBFA6002686B2 /* Core */ = {
			isa = PBXGroup;
			children = (
				74FFD8AD289EC2DF002686B2 /* AppCoordinator.swift */,
				74FFD85E289EBF8F002686B2 /* AppDelegate.swift */,
				74FFD860289EBF8F002686B2 /* SceneDelegate.swift */,
			);
			path = Core;
			sourceTree = "<group>";
		};
		74FFD873289EBFAB002686B2 /* Features */ = {
			isa = PBXGroup;
			children = (
				74FFD877289EC009002686B2 /* Auth */,
			);
			path = Features;
			sourceTree = "<group>";
		};
		74FFD875289EBFDB002686B2 /* Extenstion */ = {
			isa = PBXGroup;
			children = (
				74FFD8B5289ED78A002686B2 /* UIView+Extenstion.swift */,
			);
			path = Extenstion;
			sourceTree = "<group>";
		};
		74FFD876289EBFE5002686B2 /* Resources */ = {
			isa = PBXGroup;
			children = (
				74FFD869289EBF93002686B2 /* LaunchScreen.storyboard */,
				74FFD867289EBF93002686B2 /* Assets.xcassets */,
			);
			path = Resources;
			sourceTree = "<group>";
		};
		74FFD877289EC009002686B2 /* Auth */ = {
			isa = PBXGroup;
			children = (
				74FFD87A289EC020002686B2 /* Forget */,
				74FFD879289EC019002686B2 /* Register */,
				74FFD878289EC00F002686B2 /* Login */,
			);
			path = Auth;
			sourceTree = "<group>";
		};
		74FFD878289EC00F002686B2 /* Login */ = {
			isa = PBXGroup;
			children = (
				74FFD886289EC09E002686B2 /* DI */,
				74FFD881289EC080002686B2 /* Data */,
				74FFD882289EC080002686B2 /* Domain */,
				74FFD883289EC080002686B2 /* Presentation */,
			);
			path = Login;
			sourceTree = "<group>";
		};
		74FFD879289EC019002686B2 /* Register */ = {
			isa = PBXGroup;
			children = (
				74FFD8C7289EE3A2002686B2 /* DI */,
				74FFD8BF289EE3A2002686B2 /* Data */,
				74FFD8C4289EE3A2002686B2 /* Domain */,
				74FFD8B7289EE3A2002686B2 /* Presentation */,
			);
			path = Register;
			sourceTree = "<group>";
		};
		74FFD87A289EC020002686B2 /* Forget */ = {
			isa = PBXGroup;
			children = (
				74FFD8D728A016A4002686B2 /* Presentation  */,
				74FFD8D628A016A2002686B2 /* Domain */,
				74FFD8D328A01690002686B2 /* Data */,
				74FFD884289EC08E002686B2 /* DI */,
			);
			path = Forget;
			sourceTree = "<group>";
		};
		74FFD881289EC080002686B2 /* Data */ = {
			isa = PBXGroup;
			children = (
				74FFD88C289EC0E8002686B2 /* Usecase */,
				74FFD88A289EC0DA002686B2 /* Repo */,
			);
			name = Data;
			path = "E-Commerce/Features/Auth/Login/Data";
			sourceTree = SOURCE_ROOT;
		};
		74FFD882289EC080002686B2 /* Domain */ = {
			isa = PBXGroup;
			children = (
				74FFD88B289EC0E0002686B2 /* Repo */,
			);
			name = Domain;
			path = "E-Commerce/Features/Auth/Login/Domain";
			sourceTree = SOURCE_ROOT;
		};
		74FFD883289EC080002686B2 /* Presentation */ = {
			isa = PBXGroup;
			children = (
				74FFD893289EC17D002686B2 /* Coordinator */,
				74FFD892289EC173002686B2 /* ViewModel */,
				74FFD891289EC16F002686B2 /* View */,
			);
			name = Presentation;
			path = "E-Commerce/Features/Auth/Login/Presentation";
			sourceTree = SOURCE_ROOT;
		};
		74FFD884289EC08E002686B2 /* DI */ = {
			isa = PBXGroup;
			children = (
				74FFD8E128A017EB002686B2 /* ForgetDI.swift */,
			);
			path = DI;
			sourceTree = "<group>";
		};
		74FFD886289EC09E002686B2 /* DI */ = {
			isa = PBXGroup;
			children = (
				74FFD8A6289EC218002686B2 /* LoginDI.swift */,
			);
			path = DI;
			sourceTree = "<group>";
		};
		74FFD887289EC0A3002686B2 /* AppDI */ = {
			isa = PBXGroup;
			children = (
				74FFD8A4289EC1EB002686B2 /* AppDI.swift */,
			);
			path = AppDI;
			sourceTree = "<group>";
		};
		74FFD88A289EC0DA002686B2 /* Repo */ = {
			isa = PBXGroup;
			children = (
				74FFD88D289EC0FA002686B2 /* LoginRepoImplementation.swift */,
			);
			path = Repo;
			sourceTree = "<group>";
		};
		74FFD88B289EC0E0002686B2 /* Repo */ = {
			isa = PBXGroup;
			children = (
				74FFD888289EC0C7002686B2 /* LoginRepo.swift */,
			);
			path = Repo;
			sourceTree = "<group>";
		};
		74FFD88C289EC0E8002686B2 /* Usecase */ = {
			isa = PBXGroup;
			children = (
				74FFD88F289EC11F002686B2 /* LoginUseCase.swift */,
			);
			path = Usecase;
			sourceTree = "<group>";
		};
		74FFD891289EC16F002686B2 /* View */ = {
			isa = PBXGroup;
			children = (
				74FFD8AF289EC3E9002686B2 /* LoginViewController.swift */,
				74FFD8B0289EC3E9002686B2 /* LoginViewController.xib */,
			);
			path = View;
			sourceTree = "<group>";
		};
		74FFD892289EC173002686B2 /* ViewModel */ = {
			isa = PBXGroup;
			children = (
				74FFD8B3289EC406002686B2 /* LoginVIewModel.swift */,
			);
			path = ViewModel;
			sourceTree = "<group>";
		};
		74FFD893289EC17D002686B2 /* Coordinator */ = {
			isa = PBXGroup;
			children = (
				74FFD8AB289EC2A7002686B2 /* LoginCoordinator.swift */,
			);
			path = Coordinator;
			sourceTree = "<group>";
		};
		74FFD8A8289EC260002686B2 /* Coordinator */ = {
			isa = PBXGroup;
			children = (
				74FFD8A9289EC260002686B2 /* Coordinator.swift */,
			);
			path = Coordinator;
			sourceTree = "<group>";
		};
		74FFD8B7289EE3A2002686B2 /* Presentation */ = {
			isa = PBXGroup;
			children = (
				74FFD8B8289EE3A2002686B2 /* ViewModel */,
				74FFD8BA289EE3A2002686B2 /* Coordinator */,
				74FFD8BC289EE3A2002686B2 /* View */,
			);
			path = Presentation;
			sourceTree = "<group>";
		};
		74FFD8B8289EE3A2002686B2 /* ViewModel */ = {
			isa = PBXGroup;
			children = (
				74FFD8B9289EE3A2002686B2 /* RegisterVIewModel.swift */,
			);
			path = ViewModel;
			sourceTree = "<group>";
		};
		74FFD8BA289EE3A2002686B2 /* Coordinator */ = {
			isa = PBXGroup;
			children = (
				74FFD8BB289EE3A2002686B2 /* RegisterCoordinator.swift */,
			);
			path = Coordinator;
			sourceTree = "<group>";
		};
		74FFD8BC289EE3A2002686B2 /* View */ = {
			isa = PBXGroup;
			children = (
				74FFD8BD289EE3A2002686B2 /* RegisterViewController.xib */,
				74FFD8BE289EE3A2002686B2 /* RegisterViewController.swift */,
			);
			path = View;
			sourceTree = "<group>";
		};
		74FFD8BF289EE3A2002686B2 /* Data */ = {
			isa = PBXGroup;
			children = (
				74FFD8C0289EE3A2002686B2 /* Usecase */,
				74FFD8C2289EE3A2002686B2 /* Repo */,
			);
			path = Data;
			sourceTree = "<group>";
		};
		74FFD8C0289EE3A2002686B2 /* Usecase */ = {
			isa = PBXGroup;
			children = (
				74FFD8C1289EE3A2002686B2 /* RegisterUseCase.swift */,
			);
			path = Usecase;
			sourceTree = "<group>";
		};
		74FFD8C2289EE3A2002686B2 /* Repo */ = {
			isa = PBXGroup;
			children = (
				74FFD8C3289EE3A2002686B2 /* RegisterRepoImplementation.swift */,
			);
			path = Repo;
			sourceTree = "<group>";
		};
		74FFD8C4289EE3A2002686B2 /* Domain */ = {
			isa = PBXGroup;
			children = (
				74FFD8C5289EE3A2002686B2 /* Repo */,
			);
			path = Domain;
			sourceTree = "<group>";
		};
		74FFD8C5289EE3A2002686B2 /* Repo */ = {
			isa = PBXGroup;
			children = (
				74FFD8C6289EE3A2002686B2 /* RegisterRepo.swift */,
			);
			path = Repo;
			sourceTree = "<group>";
		};
		74FFD8C7289EE3A2002686B2 /* DI */ = {
			isa = PBXGroup;
			children = (
				74FFD8C8289EE3A2002686B2 /* RegisterDI.swift */,
			);
			path = DI;
			sourceTree = "<group>";
		};
		74FFD8D328A01690002686B2 /* Data */ = {
			isa = PBXGroup;
			children = (
				74FFD8DC28A0176A002686B2 /* Repo */,
				74FFD8DB28A01764002686B2 /* UseCase */,
			);
			path = Data;
			sourceTree = "<group>";
		};
		74FFD8D628A016A2002686B2 /* Domain */ = {
			isa = PBXGroup;
			children = (
				74FFD8D828A016BB002686B2 /* Repo */,
			);
			path = Domain;
			sourceTree = "<group>";
		};
		74FFD8D728A016A4002686B2 /* Presentation  */ = {
			isa = PBXGroup;
			children = (
				74FFD8E528A0185A002686B2 /* Coordinator */,
				74FFD8E428A01857002686B2 /* View */,
				74FFD8E328A01855002686B2 /* ViewModel */,
			);
			path = "Presentation ";
			sourceTree = "<group>";
		};
		74FFD8D828A016BB002686B2 /* Repo */ = {
			isa = PBXGroup;
			children = (
				74FFD8D928A0173C002686B2 /* ForgetRepo.swift */,
			);
			path = Repo;
			sourceTree = "<group>";
		};
		74FFD8DB28A01764002686B2 /* UseCase */ = {
			isa = PBXGroup;
			children = (
				74FFD8DF28A017B7002686B2 /* ForgetUseCase.swift */,
			);
			path = UseCase;
			sourceTree = "<group>";
		};
		74FFD8DC28A0176A002686B2 /* Repo */ = {
			isa = PBXGroup;
			children = (
				74FFD8DD28A0177F002686B2 /* ForgetRepoImplementation.swift */,
			);
			path = Repo;
			sourceTree = "<group>";
		};
		74FFD8E328A01855002686B2 /* ViewModel */ = {
			isa = PBXGroup;
			children = (
				74FFD8EC28A0190C002686B2 /* ForgetViewModel.swift */,
			);
			path = ViewModel;
			sourceTree = "<group>";
		};
		74FFD8E428A01857002686B2 /* View */ = {
			isa = PBXGroup;
			children = (
				74FFD8E828A018E8002686B2 /* ForgetViewController.swift */,
				74FFD8E928A018E8002686B2 /* ForgetViewController.xib */,
			);
			path = View;
			sourceTree = "<group>";
		};
		74FFD8E528A0185A002686B2 /* Coordinator */ = {
			isa = PBXGroup;
			children = (
				74FFD8E628A0189E002686B2 /* ForgetCoordinator.swift */,
			);
			path = Coordinator;
			sourceTree = "<group>";
		};
		74FFD8F528A02B46002686B2 /* FirebaseManager */ = {
			isa = PBXGroup;
			children = (
				74FFD8F628A02B64002686B2 /* FirebaseAuthentication.swift */,
				7488FBE628A1253500B9E1E2 /* FirebaseDI.swift */,
			);
			path = FirebaseManager;
			sourceTree = "<group>";
		};
/* End PBXGroup section */

/* Begin PBXNativeTarget section */
		74FFD85A289EBF8F002686B2 /* E-Commerce */ = {
			isa = PBXNativeTarget;
			buildConfigurationList = 74FFD86F289EBF93002686B2 /* Build configuration list for PBXNativeTarget "E-Commerce" */;
			buildPhases = (
				74FFD857289EBF8F002686B2 /* Sources */,
				74FFD858289EBF8F002686B2 /* Frameworks */,
				74FFD859289EBF8F002686B2 /* Resources */,
			);
			buildRules = (
			);
			dependencies = (
			);
			name = "E-Commerce";
			packageProductDependencies = (
				74FFD89B289EC1BC002686B2 /* Swinject */,
				74FFD89E289EC1CC002686B2 /* RxCocoa */,
				74FFD8A0289EC1CC002686B2 /* RxRelay */,
				74FFD8A2289EC1CC002686B2 /* RxSwift */,
				74FFD8EF28A02959002686B2 /* FirebaseAuth */,
				74FFD8F128A02959002686B2 /* FirebaseStorage */,
			);
			productName = "E-Commerce";
			productReference = 74FFD85B289EBF8F002686B2 /* E-Commerce.app */;
			productType = "com.apple.product-type.application";
		};
/* End PBXNativeTarget section */

/* Begin PBXProject section */
		74FFD853289EBF8F002686B2 /* Project object */ = {
			isa = PBXProject;
			attributes = {
				BuildIndependentTargetsInParallel = 1;
				LastSwiftUpdateCheck = 1320;
				LastUpgradeCheck = 1320;
				TargetAttributes = {
					74FFD85A289EBF8F002686B2 = {
						CreatedOnToolsVersion = 13.2.1;
					};
				};
			};
			buildConfigurationList = 74FFD856289EBF8F002686B2 /* Build configuration list for PBXProject "E-Commerce" */;
			compatibilityVersion = "Xcode 13.0";
			developmentRegion = en;
			hasScannedForEncodings = 0;
			knownRegions = (
				en,
				Base,
			);
			mainGroup = 74FFD852289EBF8F002686B2;
			packageReferences = (
				74FFD89A289EC1BC002686B2 /* XCRemoteSwiftPackageReference "Swinject" */,
				74FFD89D289EC1CC002686B2 /* XCRemoteSwiftPackageReference "RxSwift" */,
				74FFD8EE28A02958002686B2 /* XCRemoteSwiftPackageReference "firebase-ios-sdk" */,
			);
			productRefGroup = 74FFD85C289EBF8F002686B2 /* Products */;
			projectDirPath = "";
			projectRoot = "";
			targets = (
				74FFD85A289EBF8F002686B2 /* E-Commerce */,
			);
		};
/* End PBXProject section */

/* Begin PBXResourcesBuildPhase section */
		74FFD859289EBF8F002686B2 /* Resources */ = {
			isa = PBXResourcesBuildPhase;
			buildActionMask = 2147483647;
			files = (
				74FFD8EB28A018E8002686B2 /* ForgetViewController.xib in Resources */,
				74FFD8CB289EE3A2002686B2 /* RegisterViewController.xib in Resources */,
				74FFD86B289EBF93002686B2 /* LaunchScreen.storyboard in Resources */,
				74FFD868289EBF93002686B2 /* Assets.xcassets in Resources */,
				74FFD8B2289EC3E9002686B2 /* LoginViewController.xib in Resources */,
				74FFD8F428A029A9002686B2 /* GoogleService-Info.plist in Resources */,
			);
			runOnlyForDeploymentPostprocessing = 0;
		};
/* End PBXResourcesBuildPhase section */

/* Begin PBXSourcesBuildPhase section */
		74FFD857289EBF8F002686B2 /* Sources */ = {
			isa = PBXSourcesBuildPhase;
			buildActionMask = 2147483647;
			files = (
				74FFD8AA289EC260002686B2 /* Coordinator.swift in Sources */,
				74FFD8CE289EE3A2002686B2 /* RegisterRepoImplementation.swift in Sources */,
				74FFD8A5289EC1EB002686B2 /* AppDI.swift in Sources */,
				74FFD8CD289EE3A2002686B2 /* RegisterUseCase.swift in Sources */,
				74FFD8C9289EE3A2002686B2 /* RegisterVIewModel.swift in Sources */,
				74FFD8E228A017EB002686B2 /* ForgetDI.swift in Sources */,
				74FFD8AE289EC2DF002686B2 /* AppCoordinator.swift in Sources */,
				74FFD85F289EBF8F002686B2 /* AppDelegate.swift in Sources */,
				74FFD8CF289EE3A2002686B2 /* RegisterRepo.swift in Sources */,
				74FFD8EA28A018E8002686B2 /* ForgetViewController.swift in Sources */,
				74FFD8DE28A0177F002686B2 /* ForgetRepoImplementation.swift in Sources */,
				7488FBE728A1253600B9E1E2 /* FirebaseDI.swift in Sources */,
				74FFD8B4289EC406002686B2 /* LoginVIewModel.swift in Sources */,
				74FFD8F728A02B64002686B2 /* FirebaseAuthentication.swift in Sources */,
				74FFD8B6289ED78A002686B2 /* UIView+Extenstion.swift in Sources */,
				74FFD88E289EC0FA002686B2 /* LoginRepoImplementation.swift in Sources */,
				74FFD861289EBF8F002686B2 /* SceneDelegate.swift in Sources */,
				74FFD889289EC0C7002686B2 /* LoginRepo.swift in Sources */,
				74FFD8AC289EC2A7002686B2 /* LoginCoordinator.swift in Sources */,
				74FFD890289EC11F002686B2 /* LoginUseCase.swift in Sources */,
				74FFD8CC289EE3A2002686B2 /* RegisterViewController.swift in Sources */,
				74FFD8CA289EE3A2002686B2 /* RegisterCoordinator.swift in Sources */,
				74FFD8A7289EC218002686B2 /* LoginDI.swift in Sources */,
				74FFD8D0289EE3A2002686B2 /* RegisterDI.swift in Sources */,
				74FFD8ED28A0190C002686B2 /* ForgetViewModel.swift in Sources */,
				74FFD8DA28A0173C002686B2 /* ForgetRepo.swift in Sources */,
				74FFD8E728A0189E002686B2 /* ForgetCoordinator.swift in Sources */,
				74FFD8B1289EC3E9002686B2 /* LoginViewController.swift in Sources */,
				74FFD8E028A017B7002686B2 /* ForgetUseCase.swift in Sources */,
			);
			runOnlyForDeploymentPostprocessing = 0;
		};
/* End PBXSourcesBuildPhase section */

/* Begin PBXVariantGroup section */
		74FFD869289EBF93002686B2 /* LaunchScreen.storyboard */ = {
			isa = PBXVariantGroup;
			children = (
				74FFD86A289EBF93002686B2 /* Base */,
			);
			name = LaunchScreen.storyboard;
			sourceTree = "<group>";
		};
/* End PBXVariantGroup section */

/* Begin XCBuildConfiguration section */
		74FFD86D289EBF93002686B2 /* Debug */ = {
			isa = XCBuildConfiguration;
			buildSettings = {
				ALWAYS_SEARCH_USER_PATHS = NO;
				CLANG_ANALYZER_NONNULL = YES;
				CLANG_ANALYZER_NUMBER_OBJECT_CONVERSION = YES_AGGRESSIVE;
				CLANG_CXX_LANGUAGE_STANDARD = "gnu++17";
				CLANG_CXX_LIBRARY = "libc++";
				CLANG_ENABLE_MODULES = YES;
				CLANG_ENABLE_OBJC_ARC = YES;
				CLANG_ENABLE_OBJC_WEAK = YES;
				CLANG_WARN_BLOCK_CAPTURE_AUTORELEASING = YES;
				CLANG_WARN_BOOL_CONVERSION = YES;
				CLANG_WARN_COMMA = YES;
				CLANG_WARN_CONSTANT_CONVERSION = YES;
				CLANG_WARN_DEPRECATED_OBJC_IMPLEMENTATIONS = YES;
				CLANG_WARN_DIRECT_OBJC_ISA_USAGE = YES_ERROR;
				CLANG_WARN_DOCUMENTATION_COMMENTS = YES;
				CLANG_WARN_EMPTY_BODY = YES;
				CLANG_WARN_ENUM_CONVERSION = YES;
				CLANG_WARN_INFINITE_RECURSION = YES;
				CLANG_WARN_INT_CONVERSION = YES;
				CLANG_WARN_NON_LITERAL_NULL_CONVERSION = YES;
				CLANG_WARN_OBJC_IMPLICIT_RETAIN_SELF = YES;
				CLANG_WARN_OBJC_LITERAL_CONVERSION = YES;
				CLANG_WARN_OBJC_ROOT_CLASS = YES_ERROR;
				CLANG_WARN_QUOTED_INCLUDE_IN_FRAMEWORK_HEADER = YES;
				CLANG_WARN_RANGE_LOOP_ANALYSIS = YES;
				CLANG_WARN_STRICT_PROTOTYPES = YES;
				CLANG_WARN_SUSPICIOUS_MOVE = YES;
				CLANG_WARN_UNGUARDED_AVAILABILITY = YES_AGGRESSIVE;
				CLANG_WARN_UNREACHABLE_CODE = YES;
				CLANG_WARN__DUPLICATE_METHOD_MATCH = YES;
				COPY_PHASE_STRIP = NO;
				DEBUG_INFORMATION_FORMAT = dwarf;
				ENABLE_STRICT_OBJC_MSGSEND = YES;
				ENABLE_TESTABILITY = YES;
				GCC_C_LANGUAGE_STANDARD = gnu11;
				GCC_DYNAMIC_NO_PIC = NO;
				GCC_NO_COMMON_BLOCKS = YES;
				GCC_OPTIMIZATION_LEVEL = 0;
				GCC_PREPROCESSOR_DEFINITIONS = (
					"DEBUG=1",
					"$(inherited)",
				);
				GCC_WARN_64_TO_32_BIT_CONVERSION = YES;
				GCC_WARN_ABOUT_RETURN_TYPE = YES_ERROR;
				GCC_WARN_UNDECLARED_SELECTOR = YES;
				GCC_WARN_UNINITIALIZED_AUTOS = YES_AGGRESSIVE;
				GCC_WARN_UNUSED_FUNCTION = YES;
				GCC_WARN_UNUSED_VARIABLE = YES;
				IPHONEOS_DEPLOYMENT_TARGET = 15.2;
				MTL_ENABLE_DEBUG_INFO = INCLUDE_SOURCE;
				MTL_FAST_MATH = YES;
				ONLY_ACTIVE_ARCH = YES;
				SDKROOT = iphoneos;
				SWIFT_ACTIVE_COMPILATION_CONDITIONS = DEBUG;
				SWIFT_OPTIMIZATION_LEVEL = "-Onone";
			};
			name = Debug;
		};
		74FFD86E289EBF93002686B2 /* Release */ = {
			isa = XCBuildConfiguration;
			buildSettings = {
				ALWAYS_SEARCH_USER_PATHS = NO;
				CLANG_ANALYZER_NONNULL = YES;
				CLANG_ANALYZER_NUMBER_OBJECT_CONVERSION = YES_AGGRESSIVE;
				CLANG_CXX_LANGUAGE_STANDARD = "gnu++17";
				CLANG_CXX_LIBRARY = "libc++";
				CLANG_ENABLE_MODULES = YES;
				CLANG_ENABLE_OBJC_ARC = YES;
				CLANG_ENABLE_OBJC_WEAK = YES;
				CLANG_WARN_BLOCK_CAPTURE_AUTORELEASING = YES;
				CLANG_WARN_BOOL_CONVERSION = YES;
				CLANG_WARN_COMMA = YES;
				CLANG_WARN_CONSTANT_CONVERSION = YES;
				CLANG_WARN_DEPRECATED_OBJC_IMPLEMENTATIONS = YES;
				CLANG_WARN_DIRECT_OBJC_ISA_USAGE = YES_ERROR;
				CLANG_WARN_DOCUMENTATION_COMMENTS = YES;
				CLANG_WARN_EMPTY_BODY = YES;
				CLANG_WARN_ENUM_CONVERSION = YES;
				CLANG_WARN_INFINITE_RECURSION = YES;
				CLANG_WARN_INT_CONVERSION = YES;
				CLANG_WARN_NON_LITERAL_NULL_CONVERSION = YES;
				CLANG_WARN_OBJC_IMPLICIT_RETAIN_SELF = YES;
				CLANG_WARN_OBJC_LITERAL_CONVERSION = YES;
				CLANG_WARN_OBJC_ROOT_CLASS = YES_ERROR;
				CLANG_WARN_QUOTED_INCLUDE_IN_FRAMEWORK_HEADER = YES;
				CLANG_WARN_RANGE_LOOP_ANALYSIS = YES;
				CLANG_WARN_STRICT_PROTOTYPES = YES;
				CLANG_WARN_SUSPICIOUS_MOVE = YES;
				CLANG_WARN_UNGUARDED_AVAILABILITY = YES_AGGRESSIVE;
				CLANG_WARN_UNREACHABLE_CODE = YES;
				CLANG_WARN__DUPLICATE_METHOD_MATCH = YES;
				COPY_PHASE_STRIP = NO;
				DEBUG_INFORMATION_FORMAT = "dwarf-with-dsym";
				ENABLE_NS_ASSERTIONS = NO;
				ENABLE_STRICT_OBJC_MSGSEND = YES;
				GCC_C_LANGUAGE_STANDARD = gnu11;
				GCC_NO_COMMON_BLOCKS = YES;
				GCC_WARN_64_TO_32_BIT_CONVERSION = YES;
				GCC_WARN_ABOUT_RETURN_TYPE = YES_ERROR;
				GCC_WARN_UNDECLARED_SELECTOR = YES;
				GCC_WARN_UNINITIALIZED_AUTOS = YES_AGGRESSIVE;
				GCC_WARN_UNUSED_FUNCTION = YES;
				GCC_WARN_UNUSED_VARIABLE = YES;
				IPHONEOS_DEPLOYMENT_TARGET = 15.2;
				MTL_ENABLE_DEBUG_INFO = NO;
				MTL_FAST_MATH = YES;
				SDKROOT = iphoneos;
				SWIFT_COMPILATION_MODE = wholemodule;
				SWIFT_OPTIMIZATION_LEVEL = "-O";
				VALIDATE_PRODUCT = YES;
			};
			name = Release;
		};
		74FFD870289EBF93002686B2 /* Debug */ = {
			isa = XCBuildConfiguration;
			buildSettings = {
				ASSETCATALOG_COMPILER_APPICON_NAME = AppIcon;
				ASSETCATALOG_COMPILER_GLOBAL_ACCENT_COLOR_NAME = AccentColor;
				CODE_SIGN_STYLE = Automatic;
				CURRENT_PROJECT_VERSION = 1;
				DEVELOPMENT_TEAM = V4XXQXQMM4;
				GENERATE_INFOPLIST_FILE = YES;
				INFOPLIST_FILE = "E-Commerce/Info.plist";
				INFOPLIST_KEY_UIApplicationSupportsIndirectInputEvents = YES;
				INFOPLIST_KEY_UILaunchStoryboardName = LaunchScreen;
				INFOPLIST_KEY_UISupportedInterfaceOrientations_iPad = "UIInterfaceOrientationPortrait UIInterfaceOrientationPortraitUpsideDown UIInterfaceOrientationLandscapeLeft UIInterfaceOrientationLandscapeRight";
				INFOPLIST_KEY_UISupportedInterfaceOrientations_iPhone = "UIInterfaceOrientationPortrait UIInterfaceOrientationLandscapeLeft UIInterfaceOrientationLandscapeRight";
				LD_RUNPATH_SEARCH_PATHS = (
					"$(inherited)",
					"@executable_path/Frameworks",
				);
				MARKETING_VERSION = 1.0;
				PRODUCT_BUNDLE_IDENTIFIER = "com.afathe7090.E-Commerce";
				PRODUCT_NAME = "$(TARGET_NAME)";
				SWIFT_EMIT_LOC_STRINGS = YES;
				SWIFT_VERSION = 5.0;
				TARGETED_DEVICE_FAMILY = "1,2";
			};
			name = Debug;
		};
		74FFD871289EBF93002686B2 /* Release */ = {
			isa = XCBuildConfiguration;
			buildSettings = {
				ASSETCATALOG_COMPILER_APPICON_NAME = AppIcon;
				ASSETCATALOG_COMPILER_GLOBAL_ACCENT_COLOR_NAME = AccentColor;
				CODE_SIGN_STYLE = Automatic;
				CURRENT_PROJECT_VERSION = 1;
				DEVELOPMENT_TEAM = V4XXQXQMM4;
				GENERATE_INFOPLIST_FILE = YES;
				INFOPLIST_FILE = "E-Commerce/Info.plist";
				INFOPLIST_KEY_UIApplicationSupportsIndirectInputEvents = YES;
				INFOPLIST_KEY_UILaunchStoryboardName = LaunchScreen;
				INFOPLIST_KEY_UISupportedInterfaceOrientations_iPad = "UIInterfaceOrientationPortrait UIInterfaceOrientationPortraitUpsideDown UIInterfaceOrientationLandscapeLeft UIInterfaceOrientationLandscapeRight";
				INFOPLIST_KEY_UISupportedInterfaceOrientations_iPhone = "UIInterfaceOrientationPortrait UIInterfaceOrientationLandscapeLeft UIInterfaceOrientationLandscapeRight";
				LD_RUNPATH_SEARCH_PATHS = (
					"$(inherited)",
					"@executable_path/Frameworks",
				);
				MARKETING_VERSION = 1.0;
				PRODUCT_BUNDLE_IDENTIFIER = "com.afathe7090.E-Commerce";
				PRODUCT_NAME = "$(TARGET_NAME)";
				SWIFT_EMIT_LOC_STRINGS = YES;
				SWIFT_VERSION = 5.0;
				TARGETED_DEVICE_FAMILY = "1,2";
			};
			name = Release;
		};
/* End XCBuildConfiguration section */

/* Begin XCConfigurationList section */
		74FFD856289EBF8F002686B2 /* Build configuration list for PBXProject "E-Commerce" */ = {
			isa = XCConfigurationList;
			buildConfigurations = (
				74FFD86D289EBF93002686B2 /* Debug */,
				74FFD86E289EBF93002686B2 /* Release */,
			);
			defaultConfigurationIsVisible = 0;
			defaultConfigurationName = Release;
		};
		74FFD86F289EBF93002686B2 /* Build configuration list for PBXNativeTarget "E-Commerce" */ = {
			isa = XCConfigurationList;
			buildConfigurations = (
				74FFD870289EBF93002686B2 /* Debug */,
				74FFD871289EBF93002686B2 /* Release */,
			);
			defaultConfigurationIsVisible = 0;
			defaultConfigurationName = Release;
		};
/* End XCConfigurationList section */

/* Begin XCRemoteSwiftPackageReference section */
		74FFD89A289EC1BC002686B2 /* XCRemoteSwiftPackageReference "Swinject" */ = {
			isa = XCRemoteSwiftPackageReference;
			repositoryURL = "https://github.com/Swinject/Swinject.git";
			requirement = {
				kind = exactVersion;
				version = 2.8.2;
			};
		};
		74FFD89D289EC1CC002686B2 /* XCRemoteSwiftPackageReference "RxSwift" */ = {
			isa = XCRemoteSwiftPackageReference;
			repositoryURL = "https://github.com/ReactiveX/RxSwift.git";
			requirement = {
				branch = main;
				kind = branch;
			};
		};
		74FFD8EE28A02958002686B2 /* XCRemoteSwiftPackageReference "firebase-ios-sdk" */ = {
			isa = XCRemoteSwiftPackageReference;
			repositoryURL = "https://github.com/firebase/firebase-ios-sdk.git";
			requirement = {
				kind = exactVersion;
				version = 9.3.0;
			};
		};
/* End XCRemoteSwiftPackageReference section */

/* Begin XCSwiftPackageProductDependency section */
		74FFD89B289EC1BC002686B2 /* Swinject */ = {
			isa = XCSwiftPackageProductDependency;
			package = 74FFD89A289EC1BC002686B2 /* XCRemoteSwiftPackageReference "Swinject" */;
			productName = Swinject;
		};
		74FFD89E289EC1CC002686B2 /* RxCocoa */ = {
			isa = XCSwiftPackageProductDependency;
			package = 74FFD89D289EC1CC002686B2 /* XCRemoteSwiftPackageReference "RxSwift" */;
			productName = RxCocoa;
		};
		74FFD8A0289EC1CC002686B2 /* RxRelay */ = {
			isa = XCSwiftPackageProductDependency;
			package = 74FFD89D289EC1CC002686B2 /* XCRemoteSwiftPackageReference "RxSwift" */;
			productName = RxRelay;
		};
		74FFD8A2289EC1CC002686B2 /* RxSwift */ = {
			isa = XCSwiftPackageProductDependency;
			package = 74FFD89D289EC1CC002686B2 /* XCRemoteSwiftPackageReference "RxSwift" */;
			productName = RxSwift;
		};
		74FFD8EF28A02959002686B2 /* FirebaseAuth */ = {
			isa = XCSwiftPackageProductDependency;
			package = 74FFD8EE28A02958002686B2 /* XCRemoteSwiftPackageReference "firebase-ios-sdk" */;
			productName = FirebaseAuth;
		};
		74FFD8F128A02959002686B2 /* FirebaseStorage */ = {
			isa = XCSwiftPackageProductDependency;
			package = 74FFD8EE28A02958002686B2 /* XCRemoteSwiftPackageReference "firebase-ios-sdk" */;
			productName = FirebaseStorage;
		};
/* End XCSwiftPackageProductDependency section */
	};
	rootObject = 74FFD853289EBF8F002686B2 /* Project object */;
}
